// !$*UTF8*$!
{
	archiveVersion = 1;
	classes = {
	};
	objectVersion = 46;
	objects = {

/* Begin PBXBuildFile section */
		032112501BF8C003008DF789 /* main.m in Sources */ = {isa = PBXBuildFile; fileRef = 0321124F1BF8C003008DF789 /* main.m */; settings = {COMPILER_FLAGS = "-fno-objc-arc"; }; };
		0321125F1BF8C0B9008DF789 /* pwn.m in Sources */ = {isa = PBXBuildFile; fileRef = 0321125E1BF8C0B9008DF789 /* pwn.m */; settings = {COMPILER_FLAGS = "-fno-objc-arc"; }; };
		03D375241C039CDF0087BD77 /* glue.m in Sources */ = {isa = PBXBuildFile; fileRef = 03D375211C039CDF0087BD77 /* glue.m */; settings = {COMPILER_FLAGS = "-fno-objc-arc"; }; };
		03D375251C039CDF0087BD77 /* ropnroll.c in Sources */ = {isa = PBXBuildFile; fileRef = 03D375221C039CDF0087BD77 /* ropnroll.c */; settings = {COMPILER_FLAGS = "-fno-objc-arc"; }; };
/* End PBXBuildFile section */

/* Begin PBXCopyFilesBuildPhase section */
		0321124A1BF8C003008DF789 /* CopyFiles */ = {
			isa = PBXCopyFilesBuildPhase;
			buildActionMask = 2147483647;
			dstPath = /usr/share/man/man1/;
			dstSubfolderSpec = 0;
			files = (
			);
			runOnlyForDeploymentPostprocessing = 1;
		};
/* End PBXCopyFilesBuildPhase section */

/* Begin PBXFileReference section */
		0321124C1BF8C003008DF789 /* poc-1 */ = {isa = PBXFileReference; explicitFileType = "compiled.mach-o.executable"; includeInIndex = 0; path = "poc-1"; sourceTree = BUILT_PRODUCTS_DIR; };
		0321124F1BF8C003008DF789 /* main.m */ = {isa = PBXFileReference; lastKnownFileType = sourcecode.c.objc; path = main.m; sourceTree = "<group>"; };
		0321125E1BF8C0B9008DF789 /* pwn.m */ = {isa = PBXFileReference; fileEncoding = 4; lastKnownFileType = sourcecode.c.objc; path = pwn.m; sourceTree = "<group>"; };
		032112601BF8C0C2008DF789 /* pwn.h */ = {isa = PBXFileReference; lastKnownFileType = sourcecode.c.h; path = pwn.h; sourceTree = "<group>"; };
		03D375211C039CDF0087BD77 /* glue.m */ = {isa = PBXFileReference; fileEncoding = 4; lastKnownFileType = sourcecode.c.objc; path = glue.m; sourceTree = "<group>"; };
		03D375221C039CDF0087BD77 /* ropnroll.c */ = {isa = PBXFileReference; fileEncoding = 4; lastKnownFileType = sourcecode.c.c; path = ropnroll.c; sourceTree = "<group>"; };
		03D375231C039CDF0087BD77 /* ropnroll.h */ = {isa = PBXFileReference; fileEncoding = 4; lastKnownFileType = sourcecode.c.h; path = ropnroll.h; sourceTree = "<group>"; };
/* End PBXFileReference section */

/* Begin PBXFrameworksBuildPhase section */
		032112491BF8C003008DF789 /* Frameworks */ = {
			isa = PBXFrameworksBuildPhase;
			buildActionMask = 2147483647;
			files = (
			);
			runOnlyForDeploymentPostprocessing = 0;
		};
/* End PBXFrameworksBuildPhase section */

/* Begin PBXGroup section */
		032112431BF8C003008DF789 = {
			isa = PBXGroup;
			children = (
				0321124E1BF8C003008DF789 /* poc-1 */,
				0321124D1BF8C003008DF789 /* Products */,
			);
			sourceTree = "<group>";
		};
		0321124D1BF8C003008DF789 /* Products */ = {
			isa = PBXGroup;
			children = (
				0321124C1BF8C003008DF789 /* poc-1 */,
			);
			name = Products;
			sourceTree = "<group>";
		};
		0321124E1BF8C003008DF789 /* poc-1 */ = {
			isa = PBXGroup;
			children = (
				0321125B1BF8C03F008DF789 /* ropnroll */,
				032112611BF8C0CF008DF789 /* pwn */,
				0321124F1BF8C003008DF789 /* main.m */,
			);
			path = "poc-1";
			sourceTree = "<group>";
		};
		0321125B1BF8C03F008DF789 /* ropnroll */ = {
			isa = PBXGroup;
			children = (
				03D375211C039CDF0087BD77 /* glue.m */,
				03D375221C039CDF0087BD77 /* ropnroll.c */,
				03D375231C039CDF0087BD77 /* ropnroll.h */,
			);
			name = ropnroll;
			sourceTree = "<group>";
		};
		032112611BF8C0CF008DF789 /* pwn */ = {
			isa = PBXGroup;
			children = (
				032112601BF8C0C2008DF789 /* pwn.h */,
				0321125E1BF8C0B9008DF789 /* pwn.m */,
			);
			name = pwn;
			sourceTree = "<group>";
		};
/* End PBXGroup section */

/* Begin PBXNativeTarget section */
		0321124B1BF8C003008DF789 /* poc-1 */ = {
			isa = PBXNativeTarget;
			buildConfigurationList = 032112531BF8C003008DF789 /* Build configuration list for PBXNativeTarget "poc-1" */;
			buildPhases = (
				032112481BF8C003008DF789 /* Sources */,
				032112491BF8C003008DF789 /* Frameworks */,
				0321124A1BF8C003008DF789 /* CopyFiles */,
			);
			buildRules = (
			);
			dependencies = (
			);
			name = "poc-1";
			productName = "poc-1";
			productReference = 0321124C1BF8C003008DF789 /* poc-1 */;
			productType = "com.apple.product-type.tool";
		};
/* End PBXNativeTarget section */

/* Begin PBXProject section */
		032112441BF8C003008DF789 /* Project object */ = {
			isa = PBXProject;
			attributes = {
				LastUpgradeCheck = 0700;
				ORGANIZATIONNAME = jndok;
				TargetAttributes = {
					0321124B1BF8C003008DF789 = {
						CreatedOnToolsVersion = 7.0.1;
					};
				};
			};
			buildConfigurationList = 032112471BF8C003008DF789 /* Build configuration list for PBXProject "poc-1" */;
			compatibilityVersion = "Xcode 3.2";
			developmentRegion = English;
			hasScannedForEncodings = 0;
			knownRegions = (
				en,
			);
			mainGroup = 032112431BF8C003008DF789;
			productRefGroup = 0321124D1BF8C003008DF789 /* Products */;
			projectDirPath = "";
			projectRoot = "";
			targets = (
				0321124B1BF8C003008DF789 /* poc-1 */,
			);
		};
/* End PBXProject section */

/* Begin PBXSourcesBuildPhase section */
		032112481BF8C003008DF789 /* Sources */ = {
			isa = PBXSourcesBuildPhase;
			buildActionMask = 2147483647;
			files = (
				03D375241C039CDF0087BD77 /* glue.m in Sources */,
				0321125F1BF8C0B9008DF789 /* pwn.m in Sources */,
				032112501BF8C003008DF789 /* main.m in Sources */,
				03D375251C039CDF0087BD77 /* ropnroll.c in Sources */,
			);
			runOnlyForDeploymentPostprocessing = 0;
		};
/* End PBXSourcesBuildPhase section */

/* Begin XCBuildConfiguration section */
		032112511BF8C003008DF789 /* Debug */ = {
			isa = XCBuildConfiguration;
			buildSettings = {
				ALWAYS_SEARCH_USER_PATHS = NO;
				CLANG_CXX_LANGUAGE_STANDARD = "gnu++0x";
				CLANG_CXX_LIBRARY = "libc++";
				CLANG_ENABLE_MODULES = YES;
				CLANG_ENABLE_OBJC_ARC = YES;
				CLANG_WARN_BOOL_CONVERSION = YES;
				CLANG_WARN_CONSTANT_CONVERSION = YES;
				CLANG_WARN_DIRECT_OBJC_ISA_USAGE = YES_ERROR;
				CLANG_WARN_EMPTY_BODY = YES;
				CLANG_WARN_ENUM_CONVERSION = YES;
				CLANG_WARN_INT_CONVERSION = YES;
				CLANG_WARN_OBJC_ROOT_CLASS = YES_ERROR;
				CLANG_WARN_UNREACHABLE_CODE = YES;
				CLANG_WARN__DUPLICATE_METHOD_MATCH = YES;
				COPY_PHASE_STRIP = NO;
				DEBUG_INFORMATION_FORMAT = dwarf;
				ENABLE_STRICT_OBJC_MSGSEND = YES;
				ENABLE_TESTABILITY = YES;
				GCC_C_LANGUAGE_STANDARD = gnu99;
				GCC_DYNAMIC_NO_PIC = NO;
				GCC_NO_COMMON_BLOCKS = YES;
				GCC_OPTIMIZATION_LEVEL = 0;
				GCC_PREPROCESSOR_DEFINITIONS = (
					"DEBUG=1",
					"$(inherited)",
				);
				GCC_WARN_64_TO_32_BIT_CONVERSION = YES;
				GCC_WARN_ABOUT_RETURN_TYPE = YES_ERROR;
				GCC_WARN_UNDECLARED_SELECTOR = YES;
				GCC_WARN_UNINITIALIZED_AUTOS = YES_AGGRESSIVE;
				GCC_WARN_UNUSED_FUNCTION = YES;
				GCC_WARN_UNUSED_VARIABLE = YES;
				MACOSX_DEPLOYMENT_TARGET = 10.10;
				MTL_ENABLE_DEBUG_INFO = YES;
				ONLY_ACTIVE_ARCH = YES;
				SDKROOT = macosx;
			};
			name = Debug;
		};
		032112521BF8C003008DF789 /* Release */ = {
			isa = XCBuildConfiguration;
			buildSettings = {
				ALWAYS_SEARCH_USER_PATHS = NO;
				CLANG_CXX_LANGUAGE_STANDARD = "gnu++0x";
				CLANG_CXX_LIBRARY = "libc++";
				CLANG_ENABLE_MODULES = YES;
				CLANG_ENABLE_OBJC_ARC = YES;
				CLANG_WARN_BOOL_CONVERSION = YES;
				CLANG_WARN_CONSTANT_CONVERSION = YES;
				CLANG_WARN_DIRECT_OBJC_ISA_USAGE = YES_ERROR;
				CLANG_WARN_EMPTY_BODY = YES;
				CLANG_WARN_ENUM_CONVERSION = YES;
				CLANG_WARN_INT_CONVERSION = YES;
				CLANG_WARN_OBJC_ROOT_CLASS = YES_ERROR;
				CLANG_WARN_UNREACHABLE_CODE = YES;
				CLANG_WARN__DUPLICATE_METHOD_MATCH = YES;
				COPY_PHASE_STRIP = NO;
				DEBUG_INFORMATION_FORMAT = "dwarf-with-dsym";
				ENABLE_NS_ASSERTIONS = NO;
				ENABLE_STRICT_OBJC_MSGSEND = YES;
				GCC_C_LANGUAGE_STANDARD = gnu99;
				GCC_NO_COMMON_BLOCKS = YES;
				GCC_WARN_64_TO_32_BIT_CONVERSION = YES;
				GCC_WARN_ABOUT_RETURN_TYPE = YES_ERROR;
				GCC_WARN_UNDECLARED_SELECTOR = YES;
				GCC_WARN_UNINITIALIZED_AUTOS = YES_AGGRESSIVE;
				GCC_WARN_UNUSED_FUNCTION = YES;
				GCC_WARN_UNUSED_VARIABLE = YES;
				MACOSX_DEPLOYMENT_TARGET = 10.10;
				MTL_ENABLE_DEBUG_INFO = NO;
				SDKROOT = macosx;
			};
			name = Release;
		};
		032112541BF8C003008DF789 /* Debug */ = {
			isa = XCBuildConfiguration;
			buildSettings = {
				ARCHS = "$(ARCHS_STANDARD_32_BIT)";
				HEADER_SEARCH_PATHS = /usr/local/include;
				LIBRARY_SEARCH_PATHS = (
					"$(inherited)",
					/usr/local/Cellar/capstone/3.0.4/lib,
				);
				OTHER_LDFLAGS = (
					"-pagezero_size",
					0,
				);
				PRODUCT_NAME = "$(TARGET_NAME)";
			};
			name = Debug;
		};
		032112551BF8C003008DF789 /* Release */ = {
			isa = XCBuildConfiguration;
			buildSettings = {
				ARCHS = "$(ARCHS_STANDARD_32_BIT)";
				HEADER_SEARCH_PATHS = /usr/local/include;
				LIBRARY_SEARCH_PATHS = (
					"$(inherited)",
					/usr/local/Cellar/capstone/3.0.4/lib,
				);
				OTHER_LDFLAGS = (
					"-pagezero_size",
					0,
				);
				PRODUCT_NAME = "$(TARGET_NAME)";
			};
			name = Release;
		};
/* End XCBuildConfiguration section */

/* Begin XCConfigurationList section */
		032112471BF8C003008DF789 /* Build configuration list for PBXProject "poc-1" */ = {
			isa = XCConfigurationList;
			buildConfigurations = (
				032112511BF8C003008DF789 /* Debug */,
				032112521BF8C003008DF789 /* Release */,
			);
			defaultConfigurationIsVisible = 0;
			defaultConfigurationName = Release;
		};
		032112531BF8C003008DF789 /* Build configuration list for PBXNativeTarget "poc-1" */ = {
			isa = XCConfigurationList;
			buildConfigurations = (
				032112541BF8C003008DF789 /* Debug */,
				032112551BF8C003008DF789 /* Release */,
			);
			defaultConfigurationIsVisible = 0;
			defaultConfigurationName = Release;
		};
/* End XCConfigurationList section */
	};
	rootObject = 032112441BF8C003008DF789 /* Project object */;
}
